{
  "R": {
    "Version": "4.2.2",
    "Repositories": [
      {
        "Name": "CRAN",
        "URL": "https://cran.rstudio.com"
      }
    ]
  },
  "Packages": {
    "BH": {
      "Package": "BH",
      "Version": "1.81.0-1",
      "Source": "Repository",
      "Repository": "CRAN",
      "Hash": "68122010f01c4dcfbe58ce7112f2433d"
    },
    "DBI": {
      "Package": "DBI",
      "Version": "1.1.3",
      "Source": "Repository",
      "Repository": "CRAN",
      "Requirements": [
        "R",
        "methods"
      ],
      "Hash": "b2866e62bab9378c3cc9476a1954226b"
    },
    "MASS": {
      "Package": "MASS",
      "Version": "7.3-60",
      "Source": "Repository",
      "Repository": "CRAN",
      "Requirements": [
        "R",
        "grDevices",
        "graphics",
        "methods",
        "stats",
        "utils"
      ],
      "Hash": "a56a6365b3fa73293ea8d084be0d9bb0"
    },
    "MUS": {
      "Package": "MUS",
      "Version": "0.1.6",
      "Source": "Repository",
      "Repository": "CRAN",
      "Requirements": [
        "R",
        "stats"
      ],
      "Hash": "05f24bcdbc795715aac2ed0487928a9e"
    },
    "Matrix": {
      "Package": "Matrix",
      "Version": "1.5-4.1",
      "Source": "Repository",
      "Repository": "CRAN",
      "Requirements": [
        "R",
        "graphics",
        "grid",
        "lattice",
        "methods",
        "stats",
        "utils"
      ],
      "Hash": "38082d362d317745fb932e13956dccbb"
    },
    "QuickJSR": {
      "Package": "QuickJSR",
      "Version": "1.0.6",
      "Source": "Repository",
      "Repository": "CRAN",
      "Requirements": [
        "R6",
        "Rcpp",
        "jsonlite"
      ],
      "Hash": "6ded66fbe724abcec064fb15f626a0e4"
    },
    "R6": {
      "Package": "R6",
      "Version": "2.5.1",
      "Source": "Repository",
      "Repository": "CRAN",
      "Requirements": [
        "R"
      ],
      "Hash": "470851b6d5d0ac559e9d01bb352b4021"
    },
    "RColorBrewer": {
      "Package": "RColorBrewer",
      "Version": "1.1-3",
      "Source": "Repository",
      "Repository": "CRAN",
      "Requirements": [
        "R"
      ],
      "Hash": "45f0398006e83a5b10b72a90663d8d8c"
    },
    "Rcpp": {
      "Package": "Rcpp",
      "Version": "1.0.11",
      "Source": "Repository",
      "Repository": "CRAN",
      "Requirements": [
        "methods",
        "utils"
      ],
      "Hash": "ae6cbbe1492f4de79c45fce06f967ce8"
    },
    "RcppEigen": {
      "Package": "RcppEigen",
      "Version": "0.3.3.9.3",
      "Source": "Repository",
      "Repository": "CRAN",
      "Requirements": [
        "Matrix",
        "R",
        "Rcpp",
        "stats",
        "utils"
      ],
      "Hash": "1e035db628cefb315c571202d70202fe"
    },
    "RcppParallel": {
      "Package": "RcppParallel",
      "Version": "5.1.7",
      "Source": "Repository",
      "Repository": "CRAN",
      "Requirements": [
        "R"
      ],
      "Hash": "a45594a00f5dbb073d5ec9f48592a08a"
    },
    "StanHeaders": {
      "Package": "StanHeaders",
      "Version": "2.26.28",
      "Source": "Repository",
      "Repository": "CRAN",
      "Requirements": [
        "R",
        "RcppEigen",
        "RcppParallel"
      ],
      "Hash": "35b5aee9ec9507aca2e021997a9e557e"
    },
    "backports": {
      "Package": "backports",
      "Version": "1.4.1",
      "Source": "Repository",
      "Repository": "CRAN",
      "Requirements": [
        "R"
      ],
      "Hash": "c39fbec8a30d23e721980b8afb31984c"
    },
    "base64enc": {
      "Package": "base64enc",
      "Version": "0.1-3",
      "Source": "Repository",
      "Repository": "CRAN",
      "Requirements": [
        "R"
      ],
      "Hash": "543776ae6848fde2f48ff3816d0628bc"
    },
    "bde": {
      "Package": "bde",
      "Version": "1.0.1.1",
      "Source": "Repository",
      "Repository": "CRAN",
      "Requirements": [
        "R",
        "ggplot2",
        "methods",
        "shiny"
      ],
      "Hash": "0afdb978f11c865eae357aff222a004d"
    },
    "brio": {
      "Package": "brio",
      "Version": "1.1.3",
      "Source": "Repository",
      "Repository": "CRAN",
      "Hash": "976cf154dfb043c012d87cddd8bca363"
    },
    "bslib": {
      "Package": "bslib",
      "Version": "0.5.1",
      "Source": "Repository",
      "Repository": "CRAN",
      "Requirements": [
        "R",
        "base64enc",
        "cachem",
        "grDevices",
        "htmltools",
        "jquerylib",
        "jsonlite",
        "memoise",
        "mime",
        "rlang",
        "sass"
      ],
      "Hash": "283015ddfbb9d7bf15ea9f0b5698f0d9"
    },
    "cachem": {
      "Package": "cachem",
      "Version": "1.0.8",
      "Source": "Repository",
      "Repository": "CRAN",
      "Requirements": [
        "fastmap",
        "rlang"
      ],
      "Hash": "c35768291560ce302c0a6589f92e837d"
    },
    "callr": {
      "Package": "callr",
      "Version": "3.7.3",
      "Source": "Repository",
      "Repository": "CRAN",
      "Requirements": [
        "R",
        "R6",
        "processx",
        "utils"
      ],
      "Hash": "9b2191ede20fa29828139b9900922e51"
    },
    "checkmate": {
      "Package": "checkmate",
      "Version": "2.2.0",
      "Source": "Repository",
      "Repository": "CRAN",
      "Requirements": [
        "R",
        "backports",
        "utils"
      ],
      "Hash": "ca9c113196136f4a9ca9ce6079c2c99e"
    },
    "cli": {
      "Package": "cli",
      "Version": "3.6.1",
      "Source": "Repository",
      "Repository": "CRAN",
      "Requirements": [
        "R",
        "utils"
      ],
      "Hash": "89e6d8219950eac806ae0c489052048a"
    },
    "colorspace": {
      "Package": "colorspace",
      "Version": "2.1-0",
      "Source": "Repository",
      "Repository": "CRAN",
      "Requirements": [
        "R",
        "grDevices",
        "graphics",
        "methods",
        "stats"
      ],
      "Hash": "f20c47fd52fae58b4e377c37bb8c335b"
    },
    "commonmark": {
      "Package": "commonmark",
      "Version": "1.9.0",
      "Source": "Repository",
      "Repository": "CRAN",
      "Hash": "d691c61bff84bd63c383874d2d0c3307"
    },
    "crayon": {
      "Package": "crayon",
      "Version": "1.5.2",
      "Source": "Repository",
      "Repository": "CRAN",
      "Requirements": [
        "grDevices",
        "methods",
        "utils"
      ],
      "Hash": "e8a1e41acf02548751f45c718d55aa6a"
    },
    "desc": {
      "Package": "desc",
      "Version": "1.4.2",
      "Source": "Repository",
      "Repository": "CRAN",
      "Requirements": [
        "R",
        "R6",
        "cli",
        "rprojroot",
        "utils"
      ],
      "Hash": "6b9602c7ebbe87101a9c8edb6e8b6d21"
    },
    "digest": {
      "Package": "digest",
      "Version": "0.6.33",
      "Source": "Repository",
      "Repository": "CRAN",
      "Requirements": [
        "R",
        "utils"
      ],
      "Hash": "b18a9cf3c003977b0cc49d5e76ebe48d"
    },
    "downlit": {
      "Package": "downlit",
      "Version": "0.4.3",
      "Source": "Repository",
      "Repository": "RSPM",
      "Requirements": [
        "R",
        "brio",
        "desc",
        "digest",
        "evaluate",
        "fansi",
        "memoise",
        "rlang",
        "vctrs",
        "withr",
        "yaml"
      ],
      "Hash": "14fa1f248b60ed67e1f5418391a17b14"
    },
    "ellipsis": {
      "Package": "ellipsis",
      "Version": "0.3.2",
      "Source": "Repository",
      "Repository": "CRAN",
      "Requirements": [
        "R",
        "rlang"
      ],
      "Hash": "bb0eec2fe32e88d9e2836c2f73ea2077"
    },
    "evaluate": {
      "Package": "evaluate",
      "Version": "0.22",
      "Source": "Repository",
      "Repository": "CRAN",
      "Requirements": [
        "R",
        "methods"
      ],
      "Hash": "66f39c7a21e03c4dcb2c2d21d738d603"
    },
    "evd": {
      "Package": "evd",
      "Version": "2.3-6.1",
      "Source": "Repository",
      "Repository": "CRAN",
      "Requirements": [
        "grDevices",
        "graphics",
        "stats"
      ],
      "Hash": "14872523c118b47b6f4faae02dc23c02"
    },
    "extraDistr": {
      "Package": "extraDistr",
      "Version": "1.9.1",
      "Source": "Repository",
      "Repository": "CRAN",
      "Requirements": [
        "R",
        "Rcpp"
      ],
      "Hash": "9e29370a0dd450a33826a4932d3fa16d"
    },
    "fansi": {
      "Package": "fansi",
      "Version": "1.0.4",
      "Source": "Repository",
      "Repository": "CRAN",
      "Requirements": [
        "R",
        "grDevices",
        "utils"
      ],
      "Hash": "1d9e7ad3c8312a192dea7d3db0274fde"
    },
    "farver": {
      "Package": "farver",
      "Version": "2.1.1",
      "Source": "Repository",
      "Repository": "CRAN",
      "Hash": "8106d78941f34855c440ddb946b8f7a5"
    },
    "fastmap": {
      "Package": "fastmap",
      "Version": "1.1.1",
      "Source": "Repository",
      "Repository": "CRAN",
      "Hash": "f7736a18de97dea803bde0a2daaafb27"
    },
    "fontawesome": {
      "Package": "fontawesome",
      "Version": "0.5.2",
      "Source": "Repository",
      "Repository": "CRAN",
      "Requirements": [
        "R",
        "htmltools",
        "rlang"
      ],
      "Hash": "c2efdd5f0bcd1ea861c2d4e2a883a67d"
    },
    "fs": {
      "Package": "fs",
      "Version": "1.6.3",
      "Source": "Repository",
      "Repository": "CRAN",
      "Requirements": [
        "R",
        "methods"
      ],
      "Hash": "47b5f30c720c23999b913a1a635cf0bb"
    },
    "ggplot2": {
      "Package": "ggplot2",
      "Version": "3.4.3",
      "Source": "Repository",
      "Repository": "CRAN",
      "Requirements": [
        "MASS",
        "R",
        "cli",
        "glue",
        "grDevices",
        "grid",
        "gtable",
        "isoband",
        "lifecycle",
        "mgcv",
        "rlang",
        "scales",
        "stats",
        "tibble",
        "vctrs",
        "withr"
      ],
      "Hash": "85846544c596e71f8f46483ab165da33"
    },
    "glue": {
      "Package": "glue",
      "Version": "1.6.2",
      "Source": "Repository",
      "Repository": "CRAN",
      "Requirements": [
        "R",
        "methods"
      ],
      "Hash": "4f2596dfb05dac67b9dc558e5c6fba2e"
    },
    "gridExtra": {
      "Package": "gridExtra",
      "Version": "2.3",
      "Source": "Repository",
      "Repository": "CRAN",
      "Requirements": [
        "grDevices",
        "graphics",
        "grid",
        "gtable",
        "utils"
      ],
      "Hash": "7d7f283939f563670a697165b2cf5560"
    },
    "gtable": {
      "Package": "gtable",
      "Version": "0.3.4",
      "Source": "Repository",
      "Repository": "CRAN",
      "Requirements": [
        "R",
        "cli",
        "glue",
        "grid",
        "lifecycle",
        "rlang"
      ],
      "Hash": "b29cf3031f49b04ab9c852c912547eef"
    },
    "highr": {
      "Package": "highr",
      "Version": "0.10",
      "Source": "Repository",
      "Repository": "CRAN",
      "Requirements": [
        "R",
        "xfun"
      ],
      "Hash": "06230136b2d2b9ba5805e1963fa6e890"
    },
    "htmltools": {
      "Package": "htmltools",
      "Version": "0.5.6.1",
      "Source": "Repository",
      "Repository": "CRAN",
      "Requirements": [
        "R",
        "base64enc",
        "digest",
        "ellipsis",
        "fastmap",
        "grDevices",
        "rlang",
        "utils"
      ],
      "Hash": "1e12fe667316a76508898839ecfb2d00"
    },
    "httpuv": {
      "Package": "httpuv",
      "Version": "1.6.11",
      "Source": "Repository",
      "Repository": "CRAN",
      "Requirements": [
        "R",
        "R6",
        "Rcpp",
        "later",
        "promises",
        "utils"
      ],
      "Hash": "838602f54e32c1a0f8cc80708cefcefa"
    },
    "inline": {
      "Package": "inline",
      "Version": "0.3.19",
      "Source": "Repository",
      "Repository": "CRAN",
      "Requirements": [
        "methods"
      ],
      "Hash": "1deaf1de3eac7e1d3377954b3a283652"
    },
    "isoband": {
      "Package": "isoband",
      "Version": "0.2.7",
      "Source": "Repository",
      "Repository": "CRAN",
      "Requirements": [
        "grid",
        "utils"
      ],
      "Hash": "0080607b4a1a7b28979aecef976d8bc2"
    },
    "jfa": {
      "Package": "jfa",
      "Version": "0.7.0",
      "Source": "Repository",
      "Repository": "CRAN",
      "Requirements": [
        "BH",
        "R",
        "Rcpp",
        "RcppEigen",
        "RcppParallel",
        "StanHeaders",
        "bde",
        "extraDistr",
        "ggplot2",
        "methods",
        "rstan",
        "rstantools",
        "stats",
        "truncdist"
      ],
      "Hash": "d473053391c1678fd6062bff683935c9"
    },
    "jquerylib": {
      "Package": "jquerylib",
      "Version": "0.1.4",
      "Source": "Repository",
      "Repository": "CRAN",
      "Requirements": [
        "htmltools"
      ],
      "Hash": "5aab57a3bd297eee1c1d862735972182"
    },
    "jsonlite": {
      "Package": "jsonlite",
      "Version": "1.8.7",
      "Source": "Repository",
      "Repository": "CRAN",
      "Requirements": [
        "methods"
      ],
      "Hash": "266a20443ca13c65688b2116d5220f76"
    },
    "knitr": {
      "Package": "knitr",
      "Version": "1.44",
      "Source": "Repository",
      "Repository": "CRAN",
      "Requirements": [
        "R",
        "evaluate",
        "highr",
        "methods",
        "tools",
        "xfun",
        "yaml"
      ],
      "Hash": "60885b9f746c9dfaef110d070b5f7dc0"
    },
    "labeling": {
      "Package": "labeling",
      "Version": "0.4.3",
      "Source": "Repository",
      "Repository": "CRAN",
      "Requirements": [
        "graphics",
        "stats"
      ],
      "Hash": "b64ec208ac5bc1852b285f665d6368b3"
    },
    "later": {
      "Package": "later",
      "Version": "1.3.1",
      "Source": "Repository",
      "Repository": "CRAN",
      "Requirements": [
        "Rcpp",
        "rlang"
      ],
      "Hash": "40401c9cf2bc2259dfe83311c9384710"
    },
    "lattice": {
      "Package": "lattice",
      "Version": "0.21-9",
      "Source": "Repository",
      "Repository": "CRAN",
      "Requirements": [
        "R",
        "grDevices",
        "graphics",
        "grid",
        "stats",
        "utils"
      ],
      "Hash": "5558c61e0136e247252f5f952cdaad6a"
    },
    "lifecycle": {
      "Package": "lifecycle",
      "Version": "1.0.3",
      "Source": "Repository",
      "Repository": "CRAN",
      "Requirements": [
        "R",
        "cli",
        "glue",
        "rlang"
      ],
      "Hash": "001cecbeac1cff9301bdc3775ee46a86"
    },
    "loo": {
      "Package": "loo",
      "Version": "2.6.0",
      "Source": "Repository",
      "Repository": "CRAN",
      "Requirements": [
        "R",
        "checkmate",
        "matrixStats",
        "parallel",
        "stats"
      ],
      "Hash": "e5c8f41731502a0e98f353da23f7ca30"
    },
    "lpSolve": {
      "Package": "lpSolve",
      "Version": "5.6.19",
      "Source": "Repository",
      "Repository": "CRAN",
      "Hash": "1dde7a359a18e255a35e0ae09d034be9"
    },
    "magrittr": {
      "Package": "magrittr",
      "Version": "2.0.3",
      "Source": "Repository",
      "Repository": "CRAN",
      "Requirements": [
        "R"
      ],
      "Hash": "7ce2733a9826b3aeb1775d56fd305472"
    },
    "matrixStats": {
      "Package": "matrixStats",
      "Version": "1.0.0",
      "Source": "Repository",
      "Repository": "CRAN",
      "Requirements": [
        "R"
      ],
      "Hash": "9143629fd64335aac6a6250d1c1ed82a"
    },
    "memoise": {
      "Package": "memoise",
      "Version": "2.0.1",
      "Source": "Repository",
      "Repository": "CRAN",
      "Requirements": [
        "cachem",
        "rlang"
      ],
      "Hash": "e2817ccf4a065c5d9d7f2cfbe7c1d78c"
    },
    "mgcv": {
      "Package": "mgcv",
      "Version": "1.9-0",
      "Source": "Repository",
      "Repository": "CRAN",
      "Requirements": [
        "Matrix",
        "R",
        "graphics",
        "methods",
        "nlme",
        "splines",
        "stats",
        "utils"
      ],
      "Hash": "086028ca0460d0c368028d3bda58f31b"
    },
    "mime": {
      "Package": "mime",
      "Version": "0.12",
      "Source": "Repository",
      "Repository": "CRAN",
      "Requirements": [
        "tools"
      ],
      "Hash": "18e9c28c1d3ca1560ce30658b22ce104"
    },
    "minqa": {
      "Package": "minqa",
      "Version": "1.2.6",
      "Source": "Repository",
      "Repository": "CRAN",
      "Requirements": [
        "Rcpp"
      ],
      "Hash": "f48238f8d4740426ca12f53f27d004dd"
    },
    "mitools": {
      "Package": "mitools",
      "Version": "2.4",
      "Source": "Repository",
      "Repository": "CRAN",
      "Requirements": [
        "DBI",
        "methods",
        "stats"
      ],
      "Hash": "a4b659bd0528226724d55034f11ed7cb"
    },
    "munsell": {
      "Package": "munsell",
      "Version": "0.5.0",
      "Source": "Repository",
      "Repository": "CRAN",
      "Requirements": [
        "colorspace",
        "methods"
      ],
      "Hash": "6dfe8bf774944bd5595785e3229d8771"
    },
    "nlme": {
      "Package": "nlme",
      "Version": "3.1-163",
      "Source": "Repository",
      "Repository": "CRAN",
      "Requirements": [
        "R",
        "graphics",
        "lattice",
        "stats",
        "utils"
      ],
      "Hash": "8d1938040a05566f4f7a14af4feadd6b"
    },
    "numDeriv": {
      "Package": "numDeriv",
      "Version": "2016.8-1.1",
      "Source": "Repository",
      "Repository": "CRAN",
      "Requirements": [
        "R"
      ],
      "Hash": "df58958f293b166e4ab885ebcad90e02"
    },
    "pillar": {
      "Package": "pillar",
      "Version": "1.9.0",
      "Source": "Repository",
      "Repository": "CRAN",
      "Requirements": [
        "cli",
        "fansi",
        "glue",
        "lifecycle",
        "rlang",
        "utf8",
        "utils",
        "vctrs"
      ],
      "Hash": "15da5a8412f317beeee6175fbc76f4bb"
    },
    "pkgbuild": {
      "Package": "pkgbuild",
      "Version": "1.4.2",
      "Source": "Repository",
      "Repository": "CRAN",
      "Requirements": [
        "R",
        "R6",
        "callr",
        "cli",
        "crayon",
        "desc",
        "prettyunits",
        "processx",
        "rprojroot"
      ],
      "Hash": "beb25b32a957a22a5c301a9e441190b3"
    },
    "pkgconfig": {
      "Package": "pkgconfig",
      "Version": "2.0.3",
      "Source": "Repository",
      "Repository": "CRAN",
      "Requirements": [
        "utils"
      ],
      "Hash": "01f28d4278f15c76cddbea05899c5d6f"
    },
    "pps": {
      "Package": "pps",
      "Version": "1.0",
      "Source": "Repository",
      "Repository": "CRAN",
      "Hash": "bc3ab5dd175f59427c7256675358ceb2"
    },
    "prettyunits": {
      "Package": "prettyunits",
      "Version": "1.2.0",
      "Source": "Repository",
      "Repository": "CRAN",
      "Requirements": [
        "R"
      ],
      "Hash": "6b01fc98b1e86c4f705ce9dcfd2f57c7"
    },
    "processx": {
      "Package": "processx",
      "Version": "3.8.2",
      "Source": "Repository",
      "Repository": "CRAN",
      "Requirements": [
        "R",
        "R6",
        "ps",
        "utils"
      ],
      "Hash": "3efbd8ac1be0296a46c55387aeace0f3"
    },
    "promises": {
      "Package": "promises",
      "Version": "1.2.1",
      "Source": "Repository",
      "Repository": "CRAN",
      "Requirements": [
        "R6",
        "Rcpp",
        "fastmap",
        "later",
        "magrittr",
        "rlang",
        "stats"
      ],
      "Hash": "0d8a15c9d000970ada1ab21405387dee"
    },
    "ps": {
      "Package": "ps",
      "Version": "1.7.5",
      "Source": "Repository",
      "Repository": "CRAN",
      "Requirements": [
        "R",
        "utils"
      ],
      "Hash": "709d852d33178db54b17c722e5b1e594"
    },
    "randomForest": {
      "Package": "randomForest",
      "Version": "4.7-1.1",
      "Source": "Repository",
      "Repository": "CRAN",
      "Requirements": [
        "R",
        "stats"
      ],
      "Hash": "b52825075358b1ebd159e262bf40649d"
    },
    "rappdirs": {
      "Package": "rappdirs",
      "Version": "0.3.3",
      "Source": "Repository",
      "Repository": "CRAN",
      "Requirements": [
        "R"
      ],
      "Hash": "5e3c5dc0b071b21fa128676560dbe94d"
    },
    "renv": {
      "Package": "renv",
      "Version": "1.0.3",
      "Source": "Repository",
      "Repository": "CRAN",
      "Requirements": [
        "utils"
      ],
      "Hash": "41b847654f567341725473431dd0d5ab"
    },
    "rlang": {
      "Package": "rlang",
      "Version": "1.1.1",
      "Source": "Repository",
      "Repository": "CRAN",
      "Requirements": [
        "R",
        "utils"
      ],
      "Hash": "a85c767b55f0bf9b7ad16c6d7baee5bb"
    },
    "rmarkdown": {
      "Package": "rmarkdown",
      "Version": "2.25",
      "Source": "Repository",
      "Repository": "CRAN",
      "Requirements": [
        "R",
        "bslib",
        "evaluate",
        "fontawesome",
        "htmltools",
        "jquerylib",
        "jsonlite",
        "knitr",
        "methods",
        "stringr",
        "tinytex",
        "tools",
        "utils",
        "xfun",
        "yaml"
      ],
      "Hash": "d65e35823c817f09f4de424fcdfa812a"
    },
    "rprojroot": {
      "Package": "rprojroot",
      "Version": "2.0.3",
      "Source": "Repository",
      "Repository": "CRAN",
      "Requirements": [
        "R"
      ],
      "Hash": "1de7ab598047a87bba48434ba35d497d"
    },
    "rstan": {
      "Package": "rstan",
      "Version": "2.26.23",
      "Source": "Repository",
      "Repository": "CRAN",
      "Requirements": [
        "BH",
        "QuickJSR",
        "R",
        "Rcpp",
        "RcppEigen",
        "RcppParallel",
        "StanHeaders",
        "ggplot2",
        "gridExtra",
        "inline",
        "loo",
        "methods",
        "pkgbuild",
        "stats4"
      ],
      "Hash": "137e535a84b86280c714315e587a435b"
    },
    "rstantools": {
      "Package": "rstantools",
      "Version": "2.3.1.1",
      "Source": "Repository",
      "Repository": "CRAN",
      "Requirements": [
        "Rcpp",
        "RcppParallel",
        "desc",
        "stats",
        "utils"
      ],
      "Hash": "32d3b6fe28162eb1c430697f95f40a83"
    },
    "sampling": {
      "Package": "sampling",
      "Version": "2.9",
      "Source": "Repository",
      "Repository": "CRAN",
      "Requirements": [
        "MASS",
        "lpSolve"
      ],
      "Hash": "ea0e8ad473c7adb0310c6e9542df209a"
    },
    "samplingbook": {
      "Package": "samplingbook",
      "Version": "1.2.4",
      "Source": "Repository",
      "Repository": "CRAN",
      "Requirements": [
        "pps",
        "sampling",
        "survey"
      ],
      "Hash": "837f674b2eedde963748b9ff264efa8a"
    },
    "sass": {
      "Package": "sass",
      "Version": "0.4.7",
      "Source": "Repository",
      "Repository": "CRAN",
      "Requirements": [
        "R6",
        "fs",
        "htmltools",
        "rappdirs",
        "rlang"
      ],
      "Hash": "6bd4d33b50ff927191ec9acbf52fd056"
    },
    "scales": {
      "Package": "scales",
      "Version": "1.2.1",
      "Source": "Repository",
      "Repository": "CRAN",
      "Requirements": [
        "R",
        "R6",
        "RColorBrewer",
        "farver",
        "labeling",
        "lifecycle",
        "munsell",
        "rlang",
        "viridisLite"
      ],
      "Hash": "906cb23d2f1c5680b8ce439b44c6fa63"
    },
    "sessioninfo": {
      "Package": "sessioninfo",
      "Version": "1.2.2",
      "Source": "Repository",
      "Repository": "CRAN",
      "Requirements": [
        "R",
        "cli",
        "tools",
        "utils"
      ],
      "Hash": "3f9796a8d0a0e8c6eb49a4b029359d1f"
    },
    "shiny": {
      "Package": "shiny",
      "Version": "1.7.5",
      "Source": "Repository",
      "Repository": "CRAN",
      "Requirements": [
        "R",
        "R6",
        "bslib",
        "cachem",
        "commonmark",
        "crayon",
        "ellipsis",
        "fastmap",
        "fontawesome",
        "glue",
        "grDevices",
        "htmltools",
        "httpuv",
        "jsonlite",
        "later",
        "lifecycle",
        "methods",
        "mime",
        "promises",
        "rlang",
        "sourcetools",
        "tools",
        "utils",
        "withr",
        "xtable"
      ],
      "Hash": "438b99792adbe82a8329ad8697d45afe"
    },
    "sourcetools": {
      "Package": "sourcetools",
      "Version": "0.1.7-1",
      "Source": "Repository",
      "Repository": "CRAN",
      "Requirements": [
        "R"
      ],
      "Hash": "5f5a7629f956619d519205ec475fe647"
    },
    "stringi": {
      "Package": "stringi",
      "Version": "1.7.12",
      "Source": "Repository",
      "Repository": "CRAN",
      "Requirements": [
        "R",
        "stats",
        "tools",
        "utils"
      ],
      "Hash": "ca8bd84263c77310739d2cf64d84d7c9"
    },
    "stringr": {
      "Package": "stringr",
      "Version": "1.5.0",
      "Source": "Repository",
      "Repository": "CRAN",
      "Requirements": [
        "R",
        "cli",
        "glue",
        "lifecycle",
        "magrittr",
        "rlang",
        "stringi",
        "vctrs"
      ],
      "Hash": "671a4d384ae9d32fc47a14e98bfa3dc8"
    },
    "survey": {
      "Package": "survey",
      "Version": "4.2-1",
      "Source": "Repository",
      "Repository": "CRAN",
      "Requirements": [
        "Matrix",
        "R",
        "graphics",
        "grid",
        "lattice",
        "methods",
        "minqa",
        "mitools",
        "numDeriv",
        "splines",
        "stats",
        "survival"
      ],
      "Hash": "03195177db81a992f22361f8f54852f4"
    },
    "survival": {
      "Package": "survival",
      "Version": "3.5-7",
      "Source": "Repository",
      "Repository": "CRAN",
      "Requirements": [
        "Matrix",
        "R",
        "graphics",
        "methods",
        "splines",
        "stats",
        "utils"
      ],
      "Hash": "b8e943d262c3da0b0febd3e04517c197"
    },
    "tibble": {
      "Package": "tibble",
      "Version": "3.2.1",
      "Source": "Repository",
      "Repository": "CRAN",
      "Requirements": [
        "R",
        "fansi",
        "lifecycle",
        "magrittr",
        "methods",
        "pillar",
        "pkgconfig",
        "rlang",
        "utils",
        "vctrs"
      ],
      "Hash": "a84e2cc86d07289b3b6f5069df7a004c"
    },
    "tinytex": {
      "Package": "tinytex",
      "Version": "0.47",
      "Source": "Repository",
      "Repository": "CRAN",
      "Requirements": [
        "xfun"
      ],
      "Hash": "8d4ccb733843e513c1c1cdd66a759f0d"
    },
    "truncdist": {
      "Package": "truncdist",
      "Version": "1.0-2",
      "Source": "Repository",
      "Repository": "CRAN",
      "Requirements": [
        "R",
        "evd",
        "stats4"
      ],
      "Hash": "ed3ed12875e0417a645baaecc07dd536"
    },
    "utf8": {
      "Package": "utf8",
      "Version": "1.2.3",
      "Source": "Repository",
      "Repository": "CRAN",
      "Requirements": [
        "R"
      ],
      "Hash": "1fe17157424bb09c48a8b3b550c753bc"
    },
    "vctrs": {
      "Package": "vctrs",
      "Version": "0.6.3",
      "Source": "Repository",
      "Repository": "CRAN",
      "Requirements": [
        "R",
        "cli",
        "glue",
        "lifecycle",
        "rlang"
      ],
      "Hash": "d0ef2856b83dc33ea6e255caf6229ee2"
    },
    "viridisLite": {
      "Package": "viridisLite",
      "Version": "0.4.2",
      "Source": "Repository",
      "Repository": "CRAN",
      "Requirements": [
        "R"
      ],
      "Hash": "c826c7c4241b6fc89ff55aaea3fa7491"
    },
    "withr": {
      "Package": "withr",
      "Version": "2.5.1",
      "Source": "Repository",
      "Repository": "CRAN",
      "Requirements": [
        "R",
        "grDevices",
        "graphics",
        "stats"
      ],
      "Hash": "d77c6f74be05c33164e33fbc85540cae"
    },
    "xfun": {
      "Package": "xfun",
      "Version": "0.40",
      "Source": "Repository",
      "Repository": "CRAN",
      "Requirements": [
        "stats",
        "tools"
      ],
      "Hash": "be07d23211245fc7d4209f54c4e4ffc8"
    },
    "xml2": {
      "Package": "xml2",
      "Version": "1.3.5",
      "Source": "Repository",
      "Repository": "CRAN",
      "Requirements": [
        "R",
        "methods"
      ],
      "Hash": "6c40e5cfcc6aefd88110666e18c31f40"
    },
    "xtable": {
      "Package": "xtable",
      "Version": "1.8-4",
      "Source": "Repository",
      "Repository": "CRAN",
      "Requirements": [
        "R",
        "stats",
        "utils"
      ],
      "Hash": "b8acdf8af494d9ec19ccb2481a9b11c2"
    },
    "yaml": {
      "Package": "yaml",
      "Version": "2.3.7",
      "Source": "Repository",
      "Repository": "CRAN",
      "Hash": "0d0056cc5383fbc240ccd0cb584bf436"
    }
  }
}
